{
  "version": 1,
  "dependencies": {
    "net6.0": {
      "Google.Cloud.Firestore": {
        "type": "Direct",
        "requested": "[3.3.0, )",
        "resolved": "3.3.0",
        "contentHash": "GlWgd9OQ1Y7/Hj1FTIvBqTzMxyZQAsTDv3OPcmt3GxwYRcqjLZhEp1eVvXZ57G3yyVh4N4u0hsfxkns+W3MCgA==",
        "dependencies": {
          "Google.Cloud.Firestore.V1": "3.3.0",
          "System.Collections.Immutable": "6.0.0",
          "System.Linq.Async": "6.0.1"
        }
      },
      "GraphQL.Client.Serializer.Newtonsoft": {
        "type": "Direct",
        "requested": "[5.1.1, )",
        "resolved": "5.1.1",
        "contentHash": "K0laxF0Jd7x35XTsDfn9DIlqDBT0LrzwM9uXOqczF91WUFgjOrakaMhEkuVd23umS339q098J1Qgdy5gumSiAw==",
        "dependencies": {
          "GraphQL.Client.Abstractions.Websocket": "5.1.1",
          "Newtonsoft.Json": "13.0.2"
        }
      },
      "Microsoft.FeatureManagement": {
        "type": "Direct",
        "requested": "[2.6.1, )",
        "resolved": "2.6.1",
        "contentHash": "rMvCx9WmqLYlkFwOK0SZqsqyHPElnpkwAgfV/mCBOzF3KroNXok0NCo56T+YpfR+0WlgQfSZ7a1+KiRuVUIIpg==",
        "dependencies": {
          "Microsoft.Extensions.Caching.Memory": "2.1.23",
          "Microsoft.Extensions.Configuration.Binder": "2.1.10",
          "Microsoft.Extensions.Logging": "2.1.1"
        }
      },
      "Questrade.Library.PubSubClientHelper": {
        "type": "Direct",
        "requested": "[3.0.0, )",
        "resolved": "3.0.0",
        "contentHash": "63EnKDNEmhNWzODLmeSTpskA3cYYmhvUd5QyLU/sb3bd5vjJuwlUwmQTMyZbgfgXUt1+0JkNhDsuHOIzbOYrGA==",
        "dependencies": {
          "DogStatsD-CSharp-Client": "[7.0.0, 8.0.0)",
          "Google.Cloud.PubSub.V1": "[3.1.0, 4.0.0)",
          "Microsoft.Extensions.Caching.Abstractions": "[6.0.0, 7.0.0)",
          "Microsoft.Extensions.Caching.Memory": "[6.0.0, 7.0.0)",
          "Microsoft.Extensions.Configuration": "[6.0.0, 7.0.0)",
          "Microsoft.Extensions.Configuration.Binder": "[6.0.0, 7.0.0)",
          "Microsoft.Extensions.DependencyInjection": "[6.0.0, 7.0.0)",
          "Microsoft.Extensions.Diagnostics.HealthChecks": "[6.0.0, 7.0.0)",
          "Microsoft.Extensions.Hosting.Abstractions": "[6.0.0, 7.0.0)",
          "Microsoft.Extensions.Logging.Abstractions": "[6.0.0, 7.0.0)",
          "Microsoft.IdentityModel.Logging": "[6.22.0, 7.0.0)",
          "Questrade.Library.HealthCheck.AspNetCore": "[2.0.0, 3.0.0)"
        }
      },
      "Serilog.AspNetCore": {
        "type": "Direct",
        "requested": "[6.0.1, )",
        "resolved": "6.0.1",
        "contentHash": "5XW90k62V7G9I0D/j9Iz+NyRBB6/SnoFpHUPeLnV40gONV2vs2A/ewWi91QVjQmyHBfzFeqIrkvE/DJMZ0alTg==",
        "dependencies": {
          "Microsoft.Extensions.DependencyInjection": "5.0.0",
          "Microsoft.Extensions.Logging": "5.0.0",
          "Serilog": "2.10.0",
          "Serilog.Extensions.Hosting": "5.0.1",
          "Serilog.Formatting.Compact": "1.1.0",
          "Serilog.Settings.Configuration": "3.3.0",
          "Serilog.Sinks.Console": "4.0.1",
          "Serilog.Sinks.Debug": "2.0.0",
          "Serilog.Sinks.File": "5.0.0"
        }
      },
      "DogStatsD-CSharp-Client": {
        "type": "Transitive",
        "resolved": "7.0.1",
        "contentHash": "wdJHei3KOSIonaCpLRH3zBiIaet7p1UTbaw2Q5TTMR2LG+seNgREHe5XYQKhZWia6RdHUuMzf04FK2cFDqmj4g=="
      },
      "Google.Api.CommonProtos": {
        "type": "Transitive",
        "resolved": "2.7.0",
        "contentHash": "Wpg4yRGJxX8FE3Ife+Gsj556MDHuki4KqVlZ1jOvvFX6yianI/hbScgvGUlteM9uu7vzbfCyKLc0Sv5/53M3hg==",
        "dependencies": {
          "Google.Protobuf": "[3.21.0, 4.0.0)"
        }
      },
      "Google.Api.Gax": {
        "type": "Transitive",
        "resolved": "4.3.1",
        "contentHash": "5ga69CUb1FQvI53J2zVcD8bDAtWp9ywsRdU/GMPOV16GgolFKM8PmsJNjZcxdPMYJgcttsUYglh5NmoeBRCAkg==",
        "dependencies": {
          "Microsoft.Bcl.AsyncInterfaces": "6.0.0",
          "Newtonsoft.Json": "13.0.2"
        }
      },
      "Google.Api.Gax.Grpc": {
        "type": "Transitive",
        "resolved": "4.3.1",
        "contentHash": "9SCjLjWIRcKtDdnhPQd9XmcbF/jTn/P/PCr5S9rE5CQJkDBo2FfguIudnGeUzy26OUOokutqNl/0VJwU1a5CBw==",
        "dependencies": {
          "Google.Api.CommonProtos": "2.7.0",
          "Google.Api.Gax": "4.3.1",
          "Google.Apis.Auth": "[1.58.0, 2.0.0)",
          "Grpc.Auth": "[2.51.0, 3.0.0)",
          "Grpc.Core.Api": "[2.51.0, 3.0.0)",
          "Grpc.Net.Client": "[2.51.0, 3.0.0)",
          "Microsoft.Extensions.DependencyInjection.Abstractions": "6.0.0"
        }
      },
      "Google.Apis": {
        "type": "Transitive",
        "resolved": "1.58.0",
        "contentHash": "OFIWLMbxL096T6L3b0cQLSQGAxRZWIZLNkjZtaYUQ5exz67aW7+Sd+OQnzdFGrV0yyTNlMOy+j6AqmdsenJHXA==",
        "dependencies": {
          "Google.Apis.Core": "1.58.0"
        }
      },
      "Google.Apis.Auth": {
        "type": "Transitive",
        "resolved": "1.58.0",
        "contentHash": "8HAVH23c/O6ODdpedkw/2B3VqG4YKEMk0v0Sb6tEz7GRaiqGwdMntytr7iez0iFvCFDA5SkHnYDCNCIztnSMhA==",
        "dependencies": {
          "Google.Apis": "1.58.0",
          "Google.Apis.Core": "1.58.0"
        }
      },
      "Google.Apis.Core": {
        "type": "Transitive",
        "resolved": "1.58.0",
        "contentHash": "e1QpJz6hMuxN7Whm9ORl98dV9/6kM4UC+zNHGFO/S7OVV4wglFkix9DMidzdEmo3AGrs9KZSk69N+rYHJKqn+A==",
        "dependencies": {
          "Newtonsoft.Json": "13.0.2"
        }
      },
      "Google.Cloud.Firestore.V1": {
        "type": "Transitive",
        "resolved": "3.3.0",
        "contentHash": "ROlFT9ZA/mFdC+tRxnamlhIw6LTnZxThH34C1w97AH750USK2HRpjEDjpHPKKGABPNHbHgCWqlqybPVZuaYcNw==",
        "dependencies": {
          "Google.Api.Gax.Grpc": "[4.3.1, 5.0.0)",
          "Google.Cloud.Location": "[2.0.0, 3.0.0)",
          "Google.LongRunning": "[3.0.0, 4.0.0)"
        }
      },
      "Google.Cloud.Iam.V1": {
        "type": "Transitive",
        "resolved": "3.0.0",
        "contentHash": "uZI2PbIj6njiW7dAdlbyGtAFO3oRPXa1o90w9p+aWcuOGTZPJkEShGATcGVXIXtdnQ+pXLfnXhreiRgkgkyx4Q==",
        "dependencies": {
          "Google.Api.Gax.Grpc": "[4.0.0, 5.0.0)"
        }
      },
      "Google.Cloud.Location": {
        "type": "Transitive",
        "resolved": "2.0.0",
        "contentHash": "qxJ6dATru5XYQzuE8f3izGKPE14Zpc5mEBEROMM/FXYzMug+3ezoRktcD00l2nmMeJ7CIwWZjx9uRpDIiZTLEA==",
        "dependencies": {
          "Google.Api.Gax.Grpc": "[4.0.0, 5.0.0)"
        }
      },
      "Google.Cloud.PubSub.V1": {
        "type": "Transitive",
        "resolved": "3.1.0",
        "contentHash": "E9qp2Y97pnPszE5++146DK0WIZLk42gS4IChCwjm2IWymJWiGWOiHZBQyZP5/ESBScJQlSyUQzy4wq1W2sVr7g==",
        "dependencies": {
          "Google.Api.Gax.Grpc": "[4.0.0, 5.0.0)",
          "Google.Cloud.Iam.V1": "[3.0.0, 4.0.0)"
        }
      },
      "Google.LongRunning": {
        "type": "Transitive",
        "resolved": "3.0.0",
        "contentHash": "8+ctm1v0P90BX1fqQqyTaIrc/5zTTou3kyOsiLUJ6b1vfS/VtzF+L5onJoUDRAY0NWARSQBe73tewFm3ijWpYw==",
        "dependencies": {
          "Google.Api.Gax.Grpc": "[4.0.0, 5.0.0)"
        }
      },
      "Google.Protobuf": {
        "type": "Transitive",
        "resolved": "3.21.0",
        "contentHash": "LKtDRauLeBFzwhK7JKpzvyNCvIxYRPX9mHjeuTj3gtG9F6JnSVqF1X2h+UZnQB47Ihi4+EipvbU1fEG7XNa30A=="
      },
      "GraphQL": {
        "type": "Transitive",
        "resolved": "7.2.2",
        "contentHash": "wZiVnQKX2EdgfEkMKlGHzTZlgRYgsmmwBibEvAn4CefmsGpAp8HtJbbkig8HHgeTczB23Io1HslIVi9+oU/sfw==",
        "dependencies": {
          "GraphQL-Parser": "8.1.0",
          "Microsoft.CSharp": "4.7.0",
          "System.ComponentModel.Annotations": "4.7.0"
        }
      },
      "GraphQL-Parser": {
        "type": "Transitive",
        "resolved": "8.1.0",
        "contentHash": "tGSA8V7iqgHLcyyeZwUsElbboKFqNLerewExyCsDqCqCexM50ktx5lBMXwPJjt0QFX0aI5H/HmJLyiQdFnx/cg=="
      },
      "GraphQL.Client": {
        "type": "Transitive",
        "resolved": "5.1.1",
        "contentHash": "6bfM9qU4AMcFWm4BHd2M6LE5+rLtK47/+VRtypggwb9appC8sbF58ytVBVOKpqKhKpmZERfPLGJap8O/FH3w5w==",
        "dependencies": {
          "GraphQL.Client.Abstractions": "5.1.1",
          "GraphQL.Client.Abstractions.Websocket": "5.1.1",
          "System.Reactive": "5.0.0"
        }
      },
      "GraphQL.Client.Abstractions": {
        "type": "Transitive",
        "resolved": "5.1.1",
        "contentHash": "/znG7Lcz3rzG9VSCq+V2ARb63c/uIs8idGOvXyltZ32Wy570GX/I8HNUIZ1yDThmQRJ5KOGSd9Mzk37lFg49rg==",
        "dependencies": {
          "GraphQL.Primitives": "5.1.1"
        }
      },
      "GraphQL.Client.Abstractions.Websocket": {
        "type": "Transitive",
        "resolved": "5.1.1",
        "contentHash": "n1gU3GlqJ0jQceb/VEEr4c0D2vpQc5AtDwthK89+yX7VpzlhJKqE5B4RJwx//Jb33mKybfJioWwDgVfSOPAwdw==",
        "dependencies": {
          "GraphQL.Client.Abstractions": "5.1.1"
        }
      },
      "GraphQL.Primitives": {
        "type": "Transitive",
        "resolved": "5.1.1",
        "contentHash": "RlGNsv19gbz6sQwkzif9J6Jd148nuIg1kRQf2AFOLp5K00IA+pKMdJvHF5t5llDR52Rok46ynhJv/wg+ps9ZhQ=="
      },
      "Grpc.Auth": {
        "type": "Transitive",
        "resolved": "2.51.0",
        "contentHash": "VYWlTq9xYvPpOAu2ISYQdgU3Qx6/h+iKjjmhGHBU1LvqsFAof0dYgIMqib69JjayI6les0qryPGu5Z5V5UNkfQ==",
        "dependencies": {
          "Google.Apis.Auth": "1.46.0",
          "Grpc.Core.Api": "2.51.0"
        }
      },
      "Grpc.Core.Api": {
        "type": "Transitive",
        "resolved": "2.51.0",
        "contentHash": "WUYCnxZKfdBWCKNs08lWFRoTjESt3iyFDthsZu5KcWguZ4OnnXrTu/K5mIdO+R9dUhuw5Xm1ygUrI1e2q8d1YA==",
        "dependencies": {
          "System.Memory": "4.5.3"
        }
      },
      "Grpc.Net.Client": {
        "type": "Transitive",
        "resolved": "2.51.0",
        "contentHash": "6XybyqUGn5+8UTMRKAfbM+aXagR3qxHROIEeFyul5gvh/dF3UqpnpnTkcRKIae4n5+Bt8j1J1VdNqYyEvYoYyg==",
        "dependencies": {
          "Grpc.Net.Common": "2.51.0",
          "Microsoft.Extensions.Logging.Abstractions": "3.0.3"
        }
      },
      "Grpc.Net.Common": {
        "type": "Transitive",
        "resolved": "2.51.0",
        "contentHash": "lAymSKjOHFopWt7RAF/Rxkf7SKGZaj+tJdabcnobm6XkdHX1zIQdkByeqIwmJesDbbCTpLEae6oSrn4eWWE9TQ==",
        "dependencies": {
          "Grpc.Core.Api": "2.51.0"
        }
      },
      "MediatR": {
        "type": "Transitive",
        "resolved": "11.0.0",
        "contentHash": "8klzVGZQiA2oxZRzQFBZbdPD/IQUm9RYtfiyTDKhxDQ99Gi93+GXt1ZJjH2D7Lh7ZFHCv5XdkwbmfHEQBCatPg==",
        "dependencies": {
          "MediatR.Contracts": "1.0.1"
        }
      },
      "MediatR.Contracts": {
        "type": "Transitive",
        "resolved": "1.0.1",
        "contentHash": "NsRvOxthhkYml4DcBMyJsmym8C4MchioH7wxKVPEg7plFj9Euh/i4IcmZ3Gvgx6+K8obeuhPeJdoBl56wnuo3A=="
      },
      "MediatR.Extensions.Microsoft.DependencyInjection": {
        "type": "Transitive",
        "resolved": "11.0.0",
        "contentHash": "jfD2NBYvP+HiUil2DWfM4bn+bCLp4H2xvoc9aorcnn2Jpgz7Ey8RyYMpgqeF3bs6CP6t8pzb6WkF5NFF/1RLHA==",
        "dependencies": {
          "MediatR": "11.0.0",
          "Microsoft.Extensions.DependencyInjection.Abstractions": "6.0.0"
        }
      },
      "Microsoft.Bcl.AsyncInterfaces": {
        "type": "Transitive",
        "resolved": "6.0.0",
        "contentHash": "UcSjPsst+DfAdJGVDsu346FX0ci0ah+lw3WRtn18NUwEqRt70HaOQ7lI72vy3+1LxtqI3T5GWwV39rQSrCzAeg=="
      },
      "Microsoft.CSharp": {
        "type": "Transitive",
        "resolved": "4.7.0",
        "contentHash": "pTj+D3uJWyN3My70i2Hqo+OXixq3Os2D1nJ2x92FFo6sk8fYS1m1WLNTs0Dc1uPaViH0YvEEwvzddQ7y4rhXmA=="
      },
      "Microsoft.Extensions.Caching.Abstractions": {
        "type": "Transitive",
        "resolved": "6.0.0",
        "contentHash": "bcz5sSFJbganH0+YrfvIjJDIcKNW7TL07C4d1eTmXy/wOt52iz4LVogJb6pazs7W0+74j0YpXFErvp++Aq5Bsw==",
        "dependencies": {
          "Microsoft.Extensions.Primitives": "6.0.0"
        }
      },
      "Microsoft.Extensions.Caching.Memory": {
        "type": "Transitive",
        "resolved": "6.0.0",
        "contentHash": "Ve3BlCzhAlVp5IgO3+8dacAhZk1A0GlIlFNkAcfR2TfAibLKWIt5DhVJZfu4YtW+XZ89OjYf/agMcgjDtPxdGA==",
        "dependencies": {
          "Microsoft.Extensions.Caching.Abstractions": "6.0.0",
          "Microsoft.Extensions.DependencyInjection.Abstractions": "6.0.0",
          "Microsoft.Extensions.Logging.Abstractions": "6.0.0",
          "Microsoft.Extensions.Options": "6.0.0",
          "Microsoft.Extensions.Primitives": "6.0.0"
        }
      },
      "Microsoft.Extensions.Configuration": {
        "type": "Transitive",
        "resolved": "6.0.0",
        "contentHash": "tq2wXyh3fL17EMF2bXgRhU7JrbO3on93MRKYxzz4JzzvuGSA1l0W3GI9/tl8EO89TH+KWEymP7bcFway6z9fXg==",
        "dependencies": {
          "Microsoft.Extensions.Configuration.Abstractions": "6.0.0",
          "Microsoft.Extensions.Primitives": "6.0.0"
        }
      },
      "Microsoft.Extensions.Configuration.Abstractions": {
        "type": "Transitive",
        "resolved": "6.0.0",
        "contentHash": "qWzV9o+ZRWq+pGm+1dF+R7qTgTYoXvbyowRoBxQJGfqTpqDun2eteerjRQhq5PQ/14S+lqto3Ft4gYaRyl4rdQ==",
        "dependencies": {
          "Microsoft.Extensions.Primitives": "6.0.0"
        }
      },
      "Microsoft.Extensions.Configuration.Binder": {
        "type": "Transitive",
        "resolved": "6.0.0",
        "contentHash": "b3ErKzND8LIC7o08QAVlKfaEIYEvLJbtmVbFZVBRXeu9YkKfSSzLZfR1SUfQPBIy9mKLhEtJgGYImkcMNaKE0A==",
        "dependencies": {
          "Microsoft.Extensions.Configuration.Abstractions": "6.0.0"
        }
      },
      "Microsoft.Extensions.DependencyInjection": {
        "type": "Transitive",
        "resolved": "6.0.0",
        "contentHash": "k6PWQMuoBDGGHOQTtyois2u4AwyVcIwL2LaSLlTZQm2CYcJ1pxbt6jfAnpWmzENA/wfrYRI/X9DTLoUkE4AsLw==",
        "dependencies": {
          "Microsoft.Extensions.DependencyInjection.Abstractions": "6.0.0",
          "System.Runtime.CompilerServices.Unsafe": "6.0.0"
        }
      },
      "Microsoft.Extensions.DependencyInjection.Abstractions": {
        "type": "Transitive",
        "resolved": "6.0.0",
        "contentHash": "xlzi2IYREJH3/m6+lUrQlujzX8wDitm4QGnUu6kUXTQAWPuZY8i+ticFJbzfqaetLA6KR/rO6Ew/HuYD+bxifg=="
      },
      "Microsoft.Extensions.DependencyModel": {
        "type": "Transitive",
        "resolved": "3.0.0",
        "contentHash": "Iaectmzg9Dc4ZbKX/FurrRjgO/I8rTumL5UU+Uube6vZuGetcnXoIgTA94RthFWePhdMVm8MMhVFJZdbzMsdyQ==",
        "dependencies": {
          "System.Text.Json": "4.6.0"
        }
      },
      "Microsoft.Extensions.Diagnostics.HealthChecks": {
        "type": "Transitive",
        "resolved": "6.0.0",
        "contentHash": "ktOGFY2uJ6QqZbLgLZgYg6qWuOnwKEIYbpgGDR/1QY8E+8NhnL75dJZ+WDl88h7Q4JkIFeTkFBUGF5QmNcfUEg==",
        "dependencies": {
          "Microsoft.Extensions.Diagnostics.HealthChecks.Abstractions": "6.0.0",
          "Microsoft.Extensions.Hosting.Abstractions": "6.0.0",
          "Microsoft.Extensions.Logging.Abstractions": "6.0.0",
          "Microsoft.Extensions.Options": "6.0.0"
        }
      },
      "Microsoft.Extensions.Diagnostics.HealthChecks.Abstractions": {
        "type": "Transitive",
        "resolved": "6.0.0",
        "contentHash": "6C9uhsA7GwT1qlXF+1JgOktilrWBSMLNVcwIjg63UvFaDVizg8fYTv826MC58dznvvT9yG31gGwsN1cFfg+yZQ=="
      },
      "Microsoft.Extensions.FileProviders.Abstractions": {
        "type": "Transitive",
        "resolved": "6.0.0",
        "contentHash": "0pd4/fho0gC12rQswaGQxbU34jOS1TPS8lZPpkFCH68ppQjHNHYle9iRuHeev1LhrJ94YPvzcRd8UmIuFk23Qw==",
        "dependencies": {
          "Microsoft.Extensions.Primitives": "6.0.0"
        }
      },
      "Microsoft.Extensions.Hosting.Abstractions": {
        "type": "Transitive",
        "resolved": "6.0.0",
        "contentHash": "GcT5l2CYXL6Sa27KCSh0TixsRfADUgth+ojQSD5EkzisZxmGFh7CwzkcYuGwvmXLjr27uWRNrJ2vuuEjMhU05Q==",
        "dependencies": {
          "Microsoft.Extensions.Configuration.Abstractions": "6.0.0",
          "Microsoft.Extensions.DependencyInjection.Abstractions": "6.0.0",
          "Microsoft.Extensions.FileProviders.Abstractions": "6.0.0"
        }
      },
      "Microsoft.Extensions.Logging": {
        "type": "Transitive",
        "resolved": "6.0.0",
        "contentHash": "eIbyj40QDg1NDz0HBW0S5f3wrLVnKWnDJ/JtZ+yJDFnDj90VoPuoPmFkeaXrtu+0cKm5GRAwoDf+dBWXK0TUdg==",
        "dependencies": {
          "Microsoft.Extensions.DependencyInjection": "6.0.0",
          "Microsoft.Extensions.DependencyInjection.Abstractions": "6.0.0",
          "Microsoft.Extensions.Logging.Abstractions": "6.0.0",
          "Microsoft.Extensions.Options": "6.0.0",
          "System.Diagnostics.DiagnosticSource": "6.0.0"
        }
      },
      "Microsoft.Extensions.Logging.Abstractions": {
        "type": "Transitive",
        "resolved": "6.0.1",
        "contentHash": "dzB2Cgg+JmrouhjkcQGzSFjjvpwlq353i8oBQO2GWNjCXSzhbtBRUf28HSauWe7eib3wYOdb3tItdjRwAdwCSg=="
      },
      "Microsoft.Extensions.Options": {
        "type": "Transitive",
        "resolved": "6.0.0",
        "contentHash": "dzXN0+V1AyjOe2xcJ86Qbo233KHuLEY0njf/P2Kw8SfJU+d45HNS2ctJdnEnrWbM9Ye2eFgaC5Mj9otRMU6IsQ==",
        "dependencies": {
          "Microsoft.Extensions.DependencyInjection.Abstractions": "6.0.0",
          "Microsoft.Extensions.Primitives": "6.0.0"
        }
      },
      "Microsoft.Extensions.Options.ConfigurationExtensions": {
        "type": "Transitive",
        "resolved": "2.0.0",
        "contentHash": "Y/lGICwO27fCkQRK3tZseVzFjZaxfGmui990E67sB4MuiPzdJHnJDS/BeYWrHShSSBgCl4KyKRx4ux686fftPg==",
        "dependencies": {
          "Microsoft.Extensions.Configuration.Abstractions": "2.0.0",
          "Microsoft.Extensions.Configuration.Binder": "2.0.0",
          "Microsoft.Extensions.DependencyInjection.Abstractions": "2.0.0",
          "Microsoft.Extensions.Options": "2.0.0"
        }
      },
      "Microsoft.Extensions.Primitives": {
        "type": "Transitive",
        "resolved": "6.0.0",
        "contentHash": "9+PnzmQFfEFNR9J2aDTfJGGupShHjOuGw4VUv+JB044biSHrnmCIMD+mJHmb2H7YryrfBEXDurxQ47gJZdCKNQ==",
        "dependencies": {
          "System.Runtime.CompilerServices.Unsafe": "6.0.0"
        }
      },
      "Microsoft.IdentityModel.Abstractions": {
        "type": "Transitive",
        "resolved": "6.22.0",
        "contentHash": "iI+9V+2ciCrbheeLjpmjcqCnhy+r6yCoEcid3nkoFWerHgjVuT6CPM4HODUTtUPe1uwks4wcnAujJ8u+IKogHQ=="
      },
      "Microsoft.IdentityModel.Logging": {
        "type": "Transitive",
        "resolved": "6.22.0",
        "contentHash": "v+BPO40iUEuAOmajdhL6tf2oSeCM5mGdHuuDJI0jr0GpTu3uv+UXh0lEy3DoKMZ52xk3RxDsLfMyzTdt7EC09A==",
        "dependencies": {
          "Microsoft.IdentityModel.Abstractions": "6.22.0"
        }
      },
      "Newtonsoft.Json": {
        "type": "Transitive",
        "resolved": "13.0.3",
        "contentHash": "HrC5BXdl00IP9zeV+0Z848QWPAoCr9P3bDEZguI+gkLcBKAOxix/tLEAAHC+UvDNPv4a2d18lOReHMOagPa+zQ=="
      },
      "Questrade.Library.HealthCheck.AspNetCore": {
        "type": "Transitive",
        "resolved": "2.0.0",
        "contentHash": "GhRBdnSKWzf0Bne7b+RIq0LN11j/Io5wDsH0jgfHQydc2nf73b01I49dF6VgE2n8IcSenn/k7FOm44IYkzxR/A==",
        "dependencies": {
          "Microsoft.Extensions.Configuration.Binder": "6.0.0",
          "Microsoft.Extensions.Diagnostics.HealthChecks": "6.0.0",
          "Microsoft.Extensions.Logging.Abstractions": "6.0.0"
        }
      },
      "Serilog": {
        "type": "Transitive",
        "resolved": "2.10.0",
        "contentHash": "+QX0hmf37a0/OZLxM3wL7V6/ADvC1XihXN4Kq/p6d8lCPfgkRdiuhbWlMaFjR9Av0dy5F0+MBeDmDdRZN/YwQA=="
      },
      "Serilog.Extensions.Hosting": {
        "type": "Transitive",
        "resolved": "5.0.1",
        "contentHash": "o0VUyt3npAqOJaZ6CiWLFeLYs3CYJwfcAqaUqprzsmj7qYIvorcn8cZLVR8AQX6vzX7gee2bD0sQeA17iO2/Aw==",
        "dependencies": {
          "Microsoft.Extensions.DependencyInjection.Abstractions": "3.1.8",
          "Microsoft.Extensions.Hosting.Abstractions": "3.1.8",
          "Microsoft.Extensions.Logging.Abstractions": "3.1.8",
          "Serilog": "2.10.0",
          "Serilog.Extensions.Logging": "3.1.0"
        }
      },
      "Serilog.Extensions.Logging": {
        "type": "Transitive",
        "resolved": "3.1.0",
        "contentHash": "IWfem7wfrFbB3iw1OikqPFNPEzfayvDuN4WP7Ue1AVFskalMByeWk3QbtUXQR34SBkv1EbZ3AySHda/ErDgpcg==",
        "dependencies": {
          "Microsoft.Extensions.Logging": "2.0.0",
          "Serilog": "2.9.0"
        }
      },
      "Serilog.Formatting.Compact": {
        "type": "Transitive",
        "resolved": "1.1.0",
        "contentHash": "pNroKVjo+rDqlxNG5PXkRLpfSCuDOBY0ri6jp9PLe505ljqwhwZz8ospy2vWhQlFu5GkIesh3FcDs4n7sWZODA==",
        "dependencies": {
          "Serilog": "2.8.0"
        }
      },
      "Serilog.Settings.Configuration": {
        "type": "Transitive",
        "resolved": "3.3.0",
        "contentHash": "7GNudISZwqaT902hqEL2OFGTZeUFWfnrNLupJkOqeF41AR3GjcxX+Hwb30xb8gG2/CDXsCMVfF8o0+8KY0fJNg==",
        "dependencies": {
          "Microsoft.Extensions.DependencyModel": "3.0.0",
          "Microsoft.Extensions.Options.ConfigurationExtensions": "2.0.0",
          "Serilog": "2.10.0"
        }
      },
      "Serilog.Sinks.Console": {
        "type": "Transitive",
        "resolved": "4.0.1",
        "contentHash": "apLOvSJQLlIbKlbx+Y2UDHSP05kJsV7mou+fvJoRGs/iR+jC22r8cuFVMjjfVxz/AD4B2UCltFhE1naRLXwKNw==",
        "dependencies": {
          "Serilog": "2.10.0"
        }
      },
      "Serilog.Sinks.Debug": {
        "type": "Transitive",
        "resolved": "2.0.0",
        "contentHash": "Y6g3OBJ4JzTyyw16fDqtFcQ41qQAydnEvEqmXjhwhgjsnG/FaJ8GUqF5ldsC/bVkK8KYmqrPhDO+tm4dF6xx4A==",
        "dependencies": {
          "Serilog": "2.10.0"
        }
      },
      "Serilog.Sinks.File": {
        "type": "Transitive",
        "resolved": "5.0.0",
        "contentHash": "uwV5hdhWPwUH1szhO8PJpFiahqXmzPzJT/sOijH/kFgUx+cyoDTMM8MHD0adw9+Iem6itoibbUXHYslzXsLEAg==",
        "dependencies": {
          "Serilog": "2.10.0"
        }
      },
      "SerilogTimings": {
        "type": "Transitive",
        "resolved": "3.0.1",
        "contentHash": "Zs28eTgszAMwpIrbBnWHBI50yuxL50p/dmAUWmy75+axdZYK/Sjm5/5m1N/CisR8acJUhTVcjPZrsB1P5iv0Uw==",
        "dependencies": {
          "Serilog": "2.10.0"
        }
      },
      "System.Collections.Immutable": {
        "type": "Transitive",
        "resolved": "6.0.0",
        "contentHash": "l4zZJ1WU2hqpQQHXz1rvC3etVZN+2DLmQMO79FhOTZHMn8tDRr+WU287sbomD0BETlmKDn0ygUgVy9k5xkkJdA==",
        "dependencies": {
          "System.Runtime.CompilerServices.Unsafe": "6.0.0"
        }
      },
      "System.ComponentModel.Annotations": {
        "type": "Transitive",
        "resolved": "4.7.0",
        "contentHash": "0YFqjhp/mYkDGpU0Ye1GjE53HMp9UVfGN7seGpAMttAC0C40v5gw598jCgpbBLMmCo0E5YRLBv5Z2doypO49ZQ=="
      },
      "System.Diagnostics.DiagnosticSource": {
        "type": "Transitive",
        "resolved": "6.0.0",
        "contentHash": "frQDfv0rl209cKm1lnwTgFPzNigy2EKk1BS3uAvHvlBVKe5cymGyHO+Sj+NLv5VF/AhHsqPIUUwya5oV4CHMUw==",
        "dependencies": {
          "System.Runtime.CompilerServices.Unsafe": "6.0.0"
        }
      },
      "System.Linq.Async": {
        "type": "Transitive",
        "resolved": "6.0.1",
        "contentHash": "0YhHcaroWpQ9UCot3Pizah7ryAzQhNvobLMSxeDIGmnXfkQn8u5owvpOH0K6EVB+z9L7u6Cc4W17Br/+jyttEQ==",
        "dependencies": {
          "Microsoft.Bcl.AsyncInterfaces": "6.0.0"
        }
      },
      "System.Memory": {
        "type": "Transitive",
        "resolved": "4.5.3",
        "contentHash": "3oDzvc/zzetpTKWMShs1AADwZjQ/36HnsufHRPcOjyRAAMLDlu2iD33MBI2opxnezcVUtXyqDXXjoFMOU9c7SA=="
      },
      "System.Reactive": {
        "type": "Transitive",
        "resolved": "5.0.0",
        "contentHash": "erBZjkQHWL9jpasCE/0qKAryzVBJFxGHVBAvgRN1bzM0q2s1S4oYREEEL0Vb+1kA/6BKb5FjUZMp5VXmy+gzkQ=="
      },
      "System.Runtime.CompilerServices.Unsafe": {
        "type": "Transitive",
        "resolved": "6.0.0",
        "contentHash": "/iUeP3tq1S0XdNNoMz5C9twLSrM/TH+qElHkXWaPvuNOt+99G75NrV0OS2EqHx5wMN7popYjpc8oTjC1y16DLg=="
      },
      "System.Text.Json": {
        "type": "Transitive",
        "resolved": "4.6.0",
        "contentHash": "4F8Xe+JIkVoDJ8hDAZ7HqLkjctN/6WItJIzQaifBwClC7wmoLSda/Sv2i6i1kycqDb3hWF4JCVbpAweyOKHEUA=="
      },
      "application": {
        "type": "Project",
        "dependencies": {
          "Domain": "[1.0.0, )",
          "Infra": "[1.0.0, )",
          "MediatR.Extensions.Microsoft.DependencyInjection": "[11.0.0, )",
          "Microsoft.Extensions.Logging": "[6.0.0, )",
          "Microsoft.FeatureManagement": "[2.6.1, )",
          "Questrade.Library.PubSubClientHelper": "[3.0.0, )"
        }
      },
      "domain": {
        "type": "Project",
        "dependencies": {
          "Google.Cloud.Firestore": "[3.3.0, )",
          "MediatR": "[11.0.0, )",
          "Newtonsoft.Json": "[13.0.3, )"
        }
      },
      "infra": {
        "type": "Project",
        "dependencies": {
          "DogStatsD-CSharp-Client": "[7.0.1, )",
          "Domain": "[1.0.0, )",
          "GraphQL": "[7.2.2, )",
          "GraphQL.Client": "[5.1.1, )",
          "Microsoft.Extensions.Logging.Abstractions": "[6.0.1, )",
          "Questrade.Library.PubSubClientHelper": "[3.0.0, )",
          "SerilogTimings": "[3.0.1, )"
        }
      }
    }
  }
}